
Microsoft Visual Studio Solution File, Format Version 12.00
# Visual Studio Version 17
VisualStudioVersion = 17.12.35527.113 d17.12
MinimumVisualStudioVersion = 10.0.40219.1
Project("{FAE04EC0-301F-11D3-BF4B-00C04F79EFBC}") = "webd3000Api", "webd3000Api\webd3000Api.csproj", "{3189B8E8-DDA7-4EB3-8AFC-38E91C6779AB}"
EndProject
Global
	GlobalSection(SolutionConfigurationPlatforms) = preSolution
		Debug|Any CPU = Debug|Any CPU
		Release|Any CPU = Release|Any CPU
	EndGlobalSection
	GlobalSection(ProjectConfigurationPlatforms) = postSolution
		{3189B8E8-DDA7-4EB3-8AFC-38E91C6779AB}.Debug|Any CPU.ActiveCfg = Debug|Any CPU
		{3189B8E8-DDA7-4EB3-8AFC-38E91C6779AB}.Debug|Any CPU.Build.0 = Debug|Any CPU
		{3189B8E8-DDA7-4EB3-8AFC-38E91C6779AB}.Release|Any CPU.ActiveCfg = Release|Any CPU
		{3189B8E8-DDA7-4EB3-8AFC-38E91C6779AB}.Release|Any CPU.Build.0 = Release|Any CPU
	EndGlobalSection
	GlobalSection(SolutionProperties) = preSolution
		HideSolutionNode = FALSE
	EndGlobalSection
EndGlobal
